
Microsoft Visual Studio Solution File, Format Version 12.00
# Visual Studio Version 17
VisualStudioVersion = 17.3.32819.101
MinimumVisualStudioVersion = 10.0.40219.1
Project("{FAE04EC0-301F-11D3-BF4B-00C04F79EFBC}") = "HelloWorldNoTopLevel", "HelloWorldNoTopLevel\HelloWorldNoTopLevel.csproj", "{87565CC7-89AB-40A4-9EC9-F32C0180FA25}"
EndProject
Global
	GlobalSection(SolutionConfigurationPlatforms) = preSolution
		Debug|Any CPU = Debug|Any CPU
		Release|Any CPU = Release|Any CPU
	EndGlobalSection
	GlobalSection(ProjectConfigurationPlatforms) = postSolution
		{87565CC7-89AB-40A4-9EC9-F32C0180FA25}.Debug|Any CPU.ActiveCfg = Debug|Any CPU
		{87565CC7-89AB-40A4-9EC9-F32C0180FA25}.Debug|Any CPU.Build.0 = Debug|Any CPU
		{87565CC7-89AB-40A4-9EC9-F32C0180FA25}.Release|Any CPU.ActiveCfg = Release|Any CPU
		{87565CC7-89AB-40A4-9EC9-F32C0180FA25}.Release|Any CPU.Build.0 = Release|Any CPU
	EndGlobalSection
	GlobalSection(SolutionProperties) = preSolution
		HideSolutionNode = FALSE
	EndGlobalSection
	GlobalSection(ExtensibilityGlobals) = postSolution
		SolutionGuid = {96155804-13F0-4F5E-ABA1-B9703EBF5227}
	EndGlobalSection
EndGlobal
